
Microsoft Visual Studio Solution File, Format Version 12.00
# Visual Studio Version 17
VisualStudioVersion = 17.10.35122.118
MinimumVisualStudioVersion = 10.0.40219.1
Project("{FAE04EC0-301F-11D3-BF4B-00C04F79EFBC}") = "canchacubo", "canchacubo\canchacubo.csproj", "{95DFE9F1-2019-4938-96EF-2AB5AE8C5B59}"
EndProject
Project("{2150E333-8FDC-42A3-9474-1A3956D46DE8}") = "proyecto", "proyecto", "{56CD8B3F-E48A-4D7A-AE15-03488E1F4276}"
EndProject
Global
	GlobalSection(SolutionConfigurationPlatforms) = preSolution
		Debug|Any CPU = Debug|Any CPU
		Release|Any CPU = Release|Any CPU
	EndGlobalSection
	GlobalSection(ProjectConfigurationPlatforms) = postSolution
		{95DFE9F1-2019-4938-96EF-2AB5AE8C5B59}.Debug|Any CPU.ActiveCfg = Debug|Any CPU
		{95DFE9F1-2019-4938-96EF-2AB5AE8C5B59}.Debug|Any CPU.Build.0 = Debug|Any CPU
		{95DFE9F1-2019-4938-96EF-2AB5AE8C5B59}.Release|Any CPU.ActiveCfg = Release|Any CPU
		{95DFE9F1-2019-4938-96EF-2AB5AE8C5B59}.Release|Any CPU.Build.0 = Release|Any CPU
	EndGlobalSection
	GlobalSection(SolutionProperties) = preSolution
		HideSolutionNode = FALSE
	EndGlobalSection
	GlobalSection(NestedProjects) = preSolution
		{95DFE9F1-2019-4938-96EF-2AB5AE8C5B59} = {56CD8B3F-E48A-4D7A-AE15-03488E1F4276}
	EndGlobalSection
	GlobalSection(ExtensibilityGlobals) = postSolution
		SolutionGuid = {CCAA7DF8-38F2-4A33-8355-8C7A1067A0A5}
	EndGlobalSection
EndGlobal
